
Microsoft Visual Studio Solution File, Format Version 12.00
# Visual Studio Version 16
VisualStudioVersion = 16.0.30114.105
MinimumVisualStudioVersion = 10.0.40219.1
Project("{FAE04EC0-301F-11D3-BF4B-00C04F79EFBC}") = "WebApplication3", "WebApplication3\WebApplication3.csproj", "{56DAFD02-FC1E-45CC-8B67-F942F34CB167}"
EndProject
Global
	GlobalSection(SolutionConfigurationPlatforms) = preSolution
		Debug|Any CPU = Debug|Any CPU
		Release|Any CPU = Release|Any CPU
	EndGlobalSection
	GlobalSection(ProjectConfigurationPlatforms) = postSolution
		{56DAFD02-FC1E-45CC-8B67-F942F34CB167}.Debug|Any CPU.ActiveCfg = Debug|Any CPU
		{56DAFD02-FC1E-45CC-8B67-F942F34CB167}.Debug|Any CPU.Build.0 = Debug|Any CPU
		{56DAFD02-FC1E-45CC-8B67-F942F34CB167}.Release|Any CPU.ActiveCfg = Release|Any CPU
		{56DAFD02-FC1E-45CC-8B67-F942F34CB167}.Release|Any CPU.Build.0 = Release|Any CPU
	EndGlobalSection
	GlobalSection(SolutionProperties) = preSolution
		HideSolutionNode = FALSE
	EndGlobalSection
	GlobalSection(ExtensibilityGlobals) = postSolution
		SolutionGuid = {191E3026-32D7-411C-A38B-B17FFBB634E3}
	EndGlobalSection
EndGlobal
